{
  "version": 4,
  "terraform_version": "1.5.7",
  "serial": 17,
  "lineage": "6e7008b9-34d1-dc9a-1d52-303f06ddd49e",
  "outputs": {
    "free_load_balancer_public_ip": {
      "value": [
        {
          "ip_address": "129.213.109.163",
          "ip_version": "IPV4",
          "is_public": true,
          "reserved_ip": []
        }
      ],
      "type": [
        "tuple",
        [
          [
            "object",
            {
              "ip_address": "string",
              "ip_version": "string",
              "is_public": "bool",
              "reserved_ip": [
                "list",
                [
                  "object",
                  {
                    "id": "string"
                  }
                ]
              ]
            }
          ]
        ]
      ]
    }
  },
  "resources": [
    {
      "mode": "data",
      "type": "oci_containerengine_node_pool",
      "name": "free_k8s_np",
      "provider": "provider[\"registry.terraform.io/hashicorp/oci\"]",
      "instances": [
        {
          "schema_version": 0,
          "attributes": {
            "cluster_id": "ocid1.cluster.oc1.iad.aaaaaaaammi6wecos57kwxthpiyeqdtdmrilkctholejon5saczz2bb2ulka",
            "compartment_id": "ocid1.tenancy.oc1..aaaaaaaasnr24iv43zaw7j75we77r345vnh4vgk676aqoonfuzbrtckfwi6a",
            "defined_tags": {
              "Oracle-Tags.CreatedBy": "default/oci@ibeep.com",
              "Oracle-Tags.CreatedOn": "2023-11-29T04:51:05.971Z"
            },
            "freeform_tags": {},
            "id": "ocid1.nodepool.oc1.iad.aaaaaaaas3msfpsloyocuruzjlxjcttezji7hxgo7hvimgzyzniyfmkxkbcq",
            "initial_node_labels": [
              {
                "key": "name",
                "value": "free-k8s-cluster"
              }
            ],
            "kubernetes_version": "v1.27.2",
            "lifecycle_details": null,
            "name": "free-k8s-node-pool",
            "node_config_details": [
              {
                "defined_tags": {},
                "freeform_tags": {},
                "is_pv_encryption_in_transit_enabled": false,
                "kms_key_id": "",
                "node_pool_pod_network_option_details": [
                  {
                    "cni_type": "FLANNEL_OVERLAY",
                    "max_pods_per_node": 0,
                    "pod_nsg_ids": [],
                    "pod_subnet_ids": []
                  }
                ],
                "nsg_ids": [],
                "placement_configs": [
                  {
                    "availability_domain": "Udce:US-ASHBURN-AD-1",
                    "capacity_reservation_id": "",
                    "fault_domains": [],
                    "preemptible_node_config": [],
                    "subnet_id": "ocid1.subnet.oc1.iad.aaaaaaaazzo5zw7rspnsolakb4ffef5mut2jfjnzdhth2rtwbxmdtxtymeaq"
                  },
                  {
                    "availability_domain": "Udce:US-ASHBURN-AD-2",
                    "capacity_reservation_id": "",
                    "fault_domains": [],
                    "preemptible_node_config": [],
                    "subnet_id": "ocid1.subnet.oc1.iad.aaaaaaaazzo5zw7rspnsolakb4ffef5mut2jfjnzdhth2rtwbxmdtxtymeaq"
                  },
                  {
                    "availability_domain": "Udce:US-ASHBURN-AD-3",
                    "capacity_reservation_id": "",
                    "fault_domains": [],
                    "preemptible_node_config": [],
                    "subnet_id": "ocid1.subnet.oc1.iad.aaaaaaaazzo5zw7rspnsolakb4ffef5mut2jfjnzdhth2rtwbxmdtxtymeaq"
                  }
                ],
                "size": 2
              }
            ],
            "node_eviction_node_pool_settings": [],
            "node_image_id": "ocid1.image.oc1.iad.aaaaaaaamo3amvibu2izgrng5zs4u34yw5y2g2v3v5l4fxvbeezepcsren7q",
            "node_image_name": "Oracle-Linux-8.8-aarch64-2023.10.24-0",
            "node_metadata": {},
            "node_pool_cycling_details": [],
            "node_pool_id": "ocid1.nodepool.oc1.iad.aaaaaaaas3msfpsloyocuruzjlxjcttezji7hxgo7hvimgzyzniyfmkxkbcq",
            "node_shape": "VM.Standard.A1.Flex",
            "node_shape_config": [
              {
                "memory_in_gbs": 6,
                "ocpus": 1
              }
            ],
            "node_source": [
              {
                "image_id": "ocid1.image.oc1.iad.aaaaaaaamo3amvibu2izgrng5zs4u34yw5y2g2v3v5l4fxvbeezepcsren7q",
                "source_name": "Oracle-Linux-8.8-aarch64-2023.10.24-0",
                "source_type": "IMAGE"
              }
            ],
            "node_source_details": [
              {
                "boot_volume_size_in_gbs": "",
                "image_id": "ocid1.image.oc1.iad.aaaaaaaamo3amvibu2izgrng5zs4u34yw5y2g2v3v5l4fxvbeezepcsren7q",
                "source_type": "IMAGE"
              }
            ],
            "nodes": [
              {
                "availability_domain": "Udce:US-ASHBURN-AD-1",
                "defined_tags": {},
                "error": [],
                "fault_domain": "FAULT-DOMAIN-1",
                "freeform_tags": {},
                "id": "ocid1.instance.oc1.iad.anuwcljrr7yaimqcwdzo43cuqih5crbxby4jwy2tdsmlchjuvy3g5cxw4mha",
                "kubernetes_version": "v1.27.2",
                "lifecycle_details": "",
                "name": "oke-czz2bb2ulka-niyfmkxkbcq-smdtxtymeaq-0",
                "node_pool_id": "ocid1.nodepool.oc1.iad.aaaaaaaas3msfpsloyocuruzjlxjcttezji7hxgo7hvimgzyzniyfmkxkbcq",
                "private_ip": "10.0.1.104",
                "public_ip": "",
                "state": "ACTIVE",
                "subnet_id": "ocid1.subnet.oc1.iad.aaaaaaaazzo5zw7rspnsolakb4ffef5mut2jfjnzdhth2rtwbxmdtxtymeaq"
              },
              {
                "availability_domain": "Udce:US-ASHBURN-AD-2",
                "defined_tags": {},
                "error": [],
                "fault_domain": "FAULT-DOMAIN-2",
                "freeform_tags": {},
                "id": "ocid1.instance.oc1.iad.anuwcljsr7yaimqctgkiv5zzbx3r33dnzwbth2y2j5kvv47uq33b6oy2myuq",
                "kubernetes_version": "v1.27.2",
                "lifecycle_details": "",
                "name": "oke-czz2bb2ulka-niyfmkxkbcq-smdtxtymeaq-1",
                "node_pool_id": "ocid1.nodepool.oc1.iad.aaaaaaaas3msfpsloyocuruzjlxjcttezji7hxgo7hvimgzyzniyfmkxkbcq",
                "private_ip": "10.0.1.81",
                "public_ip": "",
                "state": "ACTIVE",
                "subnet_id": "ocid1.subnet.oc1.iad.aaaaaaaazzo5zw7rspnsolakb4ffef5mut2jfjnzdhth2rtwbxmdtxtymeaq"
              }
            ],
            "quantity_per_subnet": 0,
            "ssh_public_key": "ssh-ed25519 AAAAC3NzaC1lZDI1NTE5AAAAIPDx+KV/SW4RGIeKA2FHU9S7bZgnJMy77N6lBeo2n8sJ",
            "state": "ACTIVE",
            "subnet_ids": [
              "ocid1.subnet.oc1.iad.aaaaaaaazzo5zw7rspnsolakb4ffef5mut2jfjnzdhth2rtwbxmdtxtymeaq"
            ]
          },
          "sensitive_attributes": []
        }
      ]
    },
    {
      "mode": "managed",
      "type": "kubernetes_deployment",
      "name": "nginx_deployment",
      "provider": "provider[\"registry.terraform.io/hashicorp/kubernetes\"]",
      "instances": [
        {
          "schema_version": 1,
          "attributes": {
            "id": "free-ns/nginx",
            "metadata": [
              {
                "annotations": {},
                "generate_name": "",
                "generation": 1,
                "labels": {
                  "app": "nginx"
                },
                "name": "nginx",
                "namespace": "free-ns",
                "resource_version": "8076",
                "uid": "e470e290-084f-4580-9517-0e7806e94469"
              }
            ],
            "spec": [
              {
                "min_ready_seconds": 0,
                "paused": false,
                "progress_deadline_seconds": 600,
                "replicas": "1",
                "revision_history_limit": 10,
                "selector": [
                  {
                    "match_expressions": [],
                    "match_labels": {
                      "app": "nginx"
                    }
                  }
                ],
                "strategy": [
                  {
                    "rolling_update": [
                      {
                        "max_surge": "25%",
                        "max_unavailable": "25%"
                      }
                    ],
                    "type": "RollingUpdate"
                  }
                ],
                "template": [
                  {
                    "metadata": [
                      {
                        "annotations": {},
                        "generate_name": "",
                        "generation": 0,
                        "labels": {
                          "app": "nginx"
                        },
                        "name": "",
                        "namespace": "",
                        "resource_version": "",
                        "uid": ""
                      }
                    ],
                    "spec": [
                      {
                        "active_deadline_seconds": 0,
                        "affinity": [],
                        "automount_service_account_token": true,
                        "container": [
                          {
                            "args": [],
                            "command": [],
                            "env": [],
                            "env_from": [],
                            "image": "nginx",
                            "image_pull_policy": "Always",
                            "lifecycle": [],
                            "liveness_probe": [],
                            "name": "nginx",
                            "port": [
                              {
                                "container_port": 80,
                                "host_ip": "",
                                "host_port": 0,
                                "name": "",
                                "protocol": "TCP"
                              }
                            ],
                            "readiness_probe": [],
                            "resources": [
                              {
                                "limits": {},
                                "requests": {}
                              }
                            ],
                            "security_context": [],
                            "startup_probe": [],
                            "stdin": false,
                            "stdin_once": false,
                            "termination_message_path": "/dev/termination-log",
                            "termination_message_policy": "File",
                            "tty": false,
                            "volume_mount": [],
                            "working_dir": ""
                          }
                        ],
                        "dns_config": [],
                        "dns_policy": "ClusterFirst",
                        "enable_service_links": true,
                        "host_aliases": [],
                        "host_ipc": false,
                        "host_network": false,
                        "host_pid": false,
                        "hostname": "",
                        "image_pull_secrets": [],
                        "init_container": [],
                        "node_name": "",
                        "node_selector": {},
                        "os": [],
                        "priority_class_name": "",
                        "readiness_gate": [],
                        "restart_policy": "Always",
                        "runtime_class_name": "",
                        "scheduler_name": "default-scheduler",
                        "security_context": [],
                        "service_account_name": "",
                        "share_process_namespace": false,
                        "subdomain": "",
                        "termination_grace_period_seconds": 30,
                        "toleration": [],
                        "topology_spread_constraint": [],
                        "volume": []
                      }
                    ]
                  }
                ]
              }
            ],
            "timeouts": null,
            "wait_for_rollout": true
          },
          "sensitive_attributes": [],
          "private": "eyJlMmJmYjczMC1lY2FhLTExZTYtOGY4OC0zNDM2M2JjN2M0YzAiOnsiY3JlYXRlIjo2MDAwMDAwMDAwMDAsImRlbGV0ZSI6NjAwMDAwMDAwMDAwLCJ1cGRhdGUiOjYwMDAwMDAwMDAwMH0sInNjaGVtYV92ZXJzaW9uIjoiMSJ9",
          "dependencies": [
            "kubernetes_namespace.free_namespace"
          ]
        }
      ]
    },
    {
      "mode": "managed",
      "type": "kubernetes_namespace",
      "name": "free_namespace",
      "provider": "provider[\"registry.terraform.io/hashicorp/kubernetes\"]",
      "instances": [
        {
          "schema_version": 0,
          "attributes": {
            "id": "free-ns",
            "metadata": [
              {
                "annotations": {},
                "generate_name": "",
                "generation": 0,
                "labels": {},
                "name": "free-ns",
                "resource_version": "8019",
                "uid": "13a8056a-641d-4160-862d-16aff78967a2"
              }
            ],
            "timeouts": null,
            "wait_for_default_service_account": false
          },
          "sensitive_attributes": [],
          "private": "eyJlMmJmYjczMC1lY2FhLTExZTYtOGY4OC0zNDM2M2JjN2M0YzAiOnsiZGVsZXRlIjozMDAwMDAwMDAwMDB9fQ=="
        }
      ]
    },
    {
      "mode": "managed",
      "type": "kubernetes_service",
      "name": "nginx_service",
      "provider": "provider[\"registry.terraform.io/hashicorp/kubernetes\"]",
      "instances": [
        {
          "schema_version": 1,
          "attributes": {
            "id": "free-ns/nginx-service",
            "metadata": [
              {
                "annotations": {},
                "generate_name": "",
                "generation": 0,
                "labels": {},
                "name": "nginx-service",
                "namespace": "free-ns",
                "resource_version": "8024",
                "uid": "09596aad-67c5-4d57-82f3-df931f2aa716"
              }
            ],
            "spec": [
              {
                "allocate_load_balancer_node_ports": true,
                "cluster_ip": "10.96.49.108",
                "cluster_ips": [
                  "10.96.49.108"
                ],
                "external_ips": [],
                "external_name": "",
                "external_traffic_policy": "Cluster",
                "health_check_node_port": 0,
                "internal_traffic_policy": "Cluster",
                "ip_families": [
                  "IPv4"
                ],
                "ip_family_policy": "SingleStack",
                "load_balancer_class": "",
                "load_balancer_ip": "",
                "load_balancer_source_ranges": [],
                "port": [
                  {
                    "app_protocol": "",
                    "name": "",
                    "node_port": 31600,
                    "port": 80,
                    "protocol": "TCP",
                    "target_port": "80"
                  }
                ],
                "publish_not_ready_addresses": false,
                "selector": {
                  "app": "nginx"
                },
                "session_affinity": "None",
                "session_affinity_config": [],
                "type": "NodePort"
              }
            ],
            "status": [
              {
                "load_balancer": [
                  {
                    "ingress": []
                  }
                ]
              }
            ],
            "timeouts": null,
            "wait_for_load_balancer": true
          },
          "sensitive_attributes": [],
          "private": "eyJlMmJmYjczMC1lY2FhLTExZTYtOGY4OC0zNDM2M2JjN2M0YzAiOnsiY3JlYXRlIjo2MDAwMDAwMDAwMDB9LCJzY2hlbWFfdmVyc2lvbiI6IjEifQ==",
          "dependencies": [
            "kubernetes_namespace.free_namespace"
          ]
        }
      ]
    },
    {
      "mode": "managed",
      "type": "oci_network_load_balancer_backend",
      "name": "free_nlb_backend",
      "provider": "provider[\"registry.terraform.io/hashicorp/oci\"]",
      "instances": [
        {
          "index_key": 0,
          "schema_version": 0,
          "attributes": {
            "backend_set_name": "free-k8s-backend-set",
            "id": "networkLoadBalancers/ocid1.networkloadbalancer.oc1.iad.amaaaaaar7yaimqaqyk3mtmhkbg7jdfhzybfq4abuhzq27lusfgz76fpcfba/backendSets/free-k8s-backend-set/backends/ocid1.instance.oc1.iad.anuwcljrr7yaimqcwdzo43cuqih5crbxby4jwy2tdsmlchjuvy3g5cxw4mha.31600",
            "ip_address": "10.0.1.104",
            "is_backup": false,
            "is_drain": false,
            "is_offline": false,
            "name": "ocid1.instance.oc1.iad.anuwcljrr7yaimqcwdzo43cuqih5crbxby4jwy2tdsmlchjuvy3g5cxw4mha.31600",
            "network_load_balancer_id": "ocid1.networkloadbalancer.oc1.iad.amaaaaaar7yaimqaqyk3mtmhkbg7jdfhzybfq4abuhzq27lusfgz76fpcfba",
            "port": 31600,
            "target_id": "ocid1.instance.oc1.iad.anuwcljrr7yaimqcwdzo43cuqih5crbxby4jwy2tdsmlchjuvy3g5cxw4mha",
            "timeouts": null,
            "weight": 1
          },
          "sensitive_attributes": [],
          "private": "eyJlMmJmYjczMC1lY2FhLTExZTYtOGY4OC0zNDM2M2JjN2M0YzAiOnsiY3JlYXRlIjoxMjAwMDAwMDAwMDAwLCJkZWxldGUiOjEyMDAwMDAwMDAwMDAsInVwZGF0ZSI6MTIwMDAwMDAwMDAwMH19",
          "dependencies": [
            "data.oci_containerengine_node_pool.free_k8s_np",
            "oci_network_load_balancer_backend_set.free_nlb_backend_set",
            "oci_network_load_balancer_network_load_balancer.free_nlb"
          ]
        },
        {
          "index_key": 1,
          "schema_version": 0,
          "attributes": {
            "backend_set_name": "free-k8s-backend-set",
            "id": "networkLoadBalancers/ocid1.networkloadbalancer.oc1.iad.amaaaaaar7yaimqaqyk3mtmhkbg7jdfhzybfq4abuhzq27lusfgz76fpcfba/backendSets/free-k8s-backend-set/backends/ocid1.instance.oc1.iad.anuwcljsr7yaimqctgkiv5zzbx3r33dnzwbth2y2j5kvv47uq33b6oy2myuq.31600",
            "ip_address": "10.0.1.81",
            "is_backup": false,
            "is_drain": false,
            "is_offline": false,
            "name": "ocid1.instance.oc1.iad.anuwcljsr7yaimqctgkiv5zzbx3r33dnzwbth2y2j5kvv47uq33b6oy2myuq.31600",
            "network_load_balancer_id": "ocid1.networkloadbalancer.oc1.iad.amaaaaaar7yaimqaqyk3mtmhkbg7jdfhzybfq4abuhzq27lusfgz76fpcfba",
            "port": 31600,
            "target_id": "ocid1.instance.oc1.iad.anuwcljsr7yaimqctgkiv5zzbx3r33dnzwbth2y2j5kvv47uq33b6oy2myuq",
            "timeouts": null,
            "weight": 1
          },
          "sensitive_attributes": [],
          "private": "eyJlMmJmYjczMC1lY2FhLTExZTYtOGY4OC0zNDM2M2JjN2M0YzAiOnsiY3JlYXRlIjoxMjAwMDAwMDAwMDAwLCJkZWxldGUiOjEyMDAwMDAwMDAwMDAsInVwZGF0ZSI6MTIwMDAwMDAwMDAwMH19",
          "dependencies": [
            "data.oci_containerengine_node_pool.free_k8s_np",
            "oci_network_load_balancer_backend_set.free_nlb_backend_set",
            "oci_network_load_balancer_network_load_balancer.free_nlb"
          ]
        }
      ]
    },
    {
      "mode": "managed",
      "type": "oci_network_load_balancer_backend_set",
      "name": "free_nlb_backend_set",
      "provider": "provider[\"registry.terraform.io/hashicorp/oci\"]",
      "instances": [
        {
          "schema_version": 0,
          "attributes": {
            "backends": [],
            "health_checker": [
              {
                "interval_in_millis": 10000,
                "port": 10256,
                "protocol": "TCP",
                "request_data": "",
                "response_body_regex": "",
                "response_data": "",
                "retries": 3,
                "return_code": 0,
                "timeout_in_millis": 3000,
                "url_path": ""
              }
            ],
            "id": "networkLoadBalancers/ocid1.networkloadbalancer.oc1.iad.amaaaaaar7yaimqaqyk3mtmhkbg7jdfhzybfq4abuhzq27lusfgz76fpcfba/backendSets/free-k8s-backend-set",
            "ip_version": "IPV4",
            "is_preserve_source": false,
            "name": "free-k8s-backend-set",
            "network_load_balancer_id": "ocid1.networkloadbalancer.oc1.iad.amaaaaaar7yaimqaqyk3mtmhkbg7jdfhzybfq4abuhzq27lusfgz76fpcfba",
            "policy": "FIVE_TUPLE",
            "timeouts": null
          },
          "sensitive_attributes": [],
          "private": "eyJlMmJmYjczMC1lY2FhLTExZTYtOGY4OC0zNDM2M2JjN2M0YzAiOnsiY3JlYXRlIjoxMjAwMDAwMDAwMDAwLCJkZWxldGUiOjEyMDAwMDAwMDAwMDAsInVwZGF0ZSI6MTIwMDAwMDAwMDAwMH19",
          "dependencies": [
            "oci_network_load_balancer_network_load_balancer.free_nlb"
          ]
        }
      ]
    },
    {
      "mode": "managed",
      "type": "oci_network_load_balancer_listener",
      "name": "free_nlb_listener",
      "provider": "provider[\"registry.terraform.io/hashicorp/oci\"]",
      "instances": [
        {
          "schema_version": 0,
          "attributes": {
            "default_backend_set_name": "free-k8s-backend-set",
            "id": "networkLoadBalancers/ocid1.networkloadbalancer.oc1.iad.amaaaaaar7yaimqaqyk3mtmhkbg7jdfhzybfq4abuhzq27lusfgz76fpcfba/listeners/free-k8s-nlb-listener",
            "ip_version": "IPV4",
            "name": "free-k8s-nlb-listener",
            "network_load_balancer_id": "ocid1.networkloadbalancer.oc1.iad.amaaaaaar7yaimqaqyk3mtmhkbg7jdfhzybfq4abuhzq27lusfgz76fpcfba",
            "port": 80,
            "protocol": "TCP",
            "timeouts": null
          },
          "sensitive_attributes": [],
          "private": "eyJlMmJmYjczMC1lY2FhLTExZTYtOGY4OC0zNDM2M2JjN2M0YzAiOnsiY3JlYXRlIjoxMjAwMDAwMDAwMDAwLCJkZWxldGUiOjEyMDAwMDAwMDAwMDAsInVwZGF0ZSI6MTIwMDAwMDAwMDAwMH19",
          "dependencies": [
            "oci_network_load_balancer_backend_set.free_nlb_backend_set",
            "oci_network_load_balancer_network_load_balancer.free_nlb"
          ]
        }
      ]
    },
    {
      "mode": "managed",
      "type": "oci_network_load_balancer_network_load_balancer",
      "name": "free_nlb",
      "provider": "provider[\"registry.terraform.io/hashicorp/oci\"]",
      "instances": [
        {
          "schema_version": 0,
          "attributes": {
            "compartment_id": "ocid1.tenancy.oc1..aaaaaaaasnr24iv43zaw7j75we77r345vnh4vgk676aqoonfuzbrtckfwi6a",
            "defined_tags": {
              "Oracle-Tags.CreatedBy": "default/oci@ibeep.com",
              "Oracle-Tags.CreatedOn": "2023-11-29T05:20:22.520Z"
            },
            "display_name": "free-k8s-nlb",
            "freeform_tags": {},
            "id": "ocid1.networkloadbalancer.oc1.iad.amaaaaaar7yaimqaqyk3mtmhkbg7jdfhzybfq4abuhzq27lusfgz76fpcfba",
            "ip_addresses": [
              {
                "ip_address": "129.213.109.163",
                "ip_version": "IPV4",
                "is_public": true,
                "reserved_ip": []
              },
              {
                "ip_address": "10.0.0.173",
                "ip_version": "IPV4",
                "is_public": false,
                "reserved_ip": []
              }
            ],
            "is_preserve_source_destination": false,
            "is_private": false,
            "lifecycle_details": null,
            "network_security_group_ids": null,
            "nlb_ip_version": "IPV4",
            "reserved_ips": null,
            "state": "ACTIVE",
            "subnet_id": "ocid1.subnet.oc1.iad.aaaaaaaaxqil36l2mmovne62ppffss6jowxifowv2h2al7r33itxxxwsuxmq",
            "system_tags": {
              "orcl-cloud.free-tier-retained": "true"
            },
            "time_created": "2023-11-29 05:20:22 +0000 UTC",
            "time_updated": "2023-11-29 05:20:43 +0000 UTC",
            "timeouts": null
          },
          "sensitive_attributes": [],
          "private": "eyJlMmJmYjczMC1lY2FhLTExZTYtOGY4OC0zNDM2M2JjN2M0YzAiOnsiY3JlYXRlIjoxMjAwMDAwMDAwMDAwLCJkZWxldGUiOjEyMDAwMDAwMDAwMDAsInVwZGF0ZSI6MTIwMDAwMDAwMDAwMH19"
        }
      ]
    }
  ],
  "check_results": null
}
